
Microsoft Visual Studio Solution File, Format Version 12.00
# Visual Studio Version 16
VisualStudioVersion = 16.0.29025.244
MinimumVisualStudioVersion = 10.0.40219.1
Project("{9A19103F-16F7-4668-BE54-9A1E7A4F7556}") = "Prawnbot.Admin", "Prawnbot.Admin\Prawnbot.Admin.csproj", "{C88C558F-768E-4334-AE81-88C9EF22DD7A}"
EndProject
Project("{9A19103F-16F7-4668-BE54-9A1E7A4F7556}") = "Prawnbot.Application", "Prawnbot.Application\Prawnbot.Application.csproj", "{839643EC-8170-45F2-B1B0-E6382D49065F}"
EndProject
Project("{9A19103F-16F7-4668-BE54-9A1E7A4F7556}") = "Prawnbot.Core", "Prawnbot.Core\Prawnbot.Core.csproj", "{028447BD-6FA8-4E5E-877D-9A39F13217F0}"
EndProject
Project("{2150E333-8FDC-42A3-9474-1A3956D46DE8}") = "Presentation", "Presentation", "{FC2E0CC0-C023-41B8-8C62-09E93B32EB11}"
EndProject
Project("{2150E333-8FDC-42A3-9474-1A3956D46DE8}") = "Business", "Business", "{5D52E507-C5BB-4F43-9590-25A3A96270CA}"
EndProject
Project("{2150E333-8FDC-42A3-9474-1A3956D46DE8}") = "Data", "Data", "{C2C3C8A2-B8C6-4D27-A18F-0568447F6BCC}"
EndProject
Project("{9A19103F-16F7-4668-BE54-9A1E7A4F7556}") = "Prawnbot.Data", "Prawnbot.Data\Prawnbot.Data.csproj", "{0C5F6176-B8EA-47BA-BBF3-4D6E04D16131}"
EndProject
Project("{9A19103F-16F7-4668-BE54-9A1E7A4F7556}") = "Prawnbot.Common", "Prawnbot.Common\Prawnbot.Common.csproj", "{3737073D-054F-4C8A-BC23-0125B5982635}"
EndProject
Project("{9A19103F-16F7-4668-BE54-9A1E7A4F7556}") = "Prawnbot.Infrastructure", "Prawnbot.Infrastructure\Prawnbot.Infrastructure.csproj", "{C7E60DC1-B917-4D1F-8F33-2D0614E9C34A}"
EndProject
Project("{9A19103F-16F7-4668-BE54-9A1E7A4F7556}") = "Prawnbot.Utility", "Prawnbot.Utility\Prawnbot.Utility.csproj", "{6CDE1AD8-F324-40BD-84DE-472B125D1089}"
EndProject
Project("{FAE04EC0-301F-11D3-BF4B-00C04F79EFBC}") = "Prawnbot.API", "Prawnbot.API\Prawnbot.API.csproj", "{6A5DA6E5-15D0-4BC5-A322-82D9A7618AD1}"
EndProject
Project("{FAE04EC0-301F-11D3-BF4B-00C04F79EFBC}") = "Prawnbot.WindowsForms", "Prawnbot.WindowsForms\Prawnbot.WindowsForms.csproj", "{7FDFD3D4-4BB0-4F2A-A53F-0492EACA87FC}"
EndProject
Global
	GlobalSection(SolutionConfigurationPlatforms) = preSolution
		Debug|Any CPU = Debug|Any CPU
		Release|Any CPU = Release|Any CPU
	EndGlobalSection
	GlobalSection(ProjectConfigurationPlatforms) = postSolution
		{C88C558F-768E-4334-AE81-88C9EF22DD7A}.Debug|Any CPU.ActiveCfg = Debug|Any CPU
		{C88C558F-768E-4334-AE81-88C9EF22DD7A}.Debug|Any CPU.Build.0 = Debug|Any CPU
		{C88C558F-768E-4334-AE81-88C9EF22DD7A}.Release|Any CPU.ActiveCfg = Release|Any CPU
		{C88C558F-768E-4334-AE81-88C9EF22DD7A}.Release|Any CPU.Build.0 = Release|Any CPU
		{839643EC-8170-45F2-B1B0-E6382D49065F}.Debug|Any CPU.ActiveCfg = Debug|Any CPU
		{839643EC-8170-45F2-B1B0-E6382D49065F}.Debug|Any CPU.Build.0 = Debug|Any CPU
		{839643EC-8170-45F2-B1B0-E6382D49065F}.Release|Any CPU.ActiveCfg = Release|Any CPU
		{839643EC-8170-45F2-B1B0-E6382D49065F}.Release|Any CPU.Build.0 = Release|Any CPU
		{028447BD-6FA8-4E5E-877D-9A39F13217F0}.Debug|Any CPU.ActiveCfg = Debug|Any CPU
		{028447BD-6FA8-4E5E-877D-9A39F13217F0}.Debug|Any CPU.Build.0 = Debug|Any CPU
		{028447BD-6FA8-4E5E-877D-9A39F13217F0}.Release|Any CPU.ActiveCfg = Release|Any CPU
		{028447BD-6FA8-4E5E-877D-9A39F13217F0}.Release|Any CPU.Build.0 = Release|Any CPU
		{0C5F6176-B8EA-47BA-BBF3-4D6E04D16131}.Debug|Any CPU.ActiveCfg = Debug|Any CPU
		{0C5F6176-B8EA-47BA-BBF3-4D6E04D16131}.Debug|Any CPU.Build.0 = Debug|Any CPU
		{0C5F6176-B8EA-47BA-BBF3-4D6E04D16131}.Release|Any CPU.ActiveCfg = Release|Any CPU
		{0C5F6176-B8EA-47BA-BBF3-4D6E04D16131}.Release|Any CPU.Build.0 = Release|Any CPU
		{3737073D-054F-4C8A-BC23-0125B5982635}.Debug|Any CPU.ActiveCfg = Debug|Any CPU
		{3737073D-054F-4C8A-BC23-0125B5982635}.Debug|Any CPU.Build.0 = Debug|Any CPU
		{3737073D-054F-4C8A-BC23-0125B5982635}.Release|Any CPU.ActiveCfg = Release|Any CPU
		{3737073D-054F-4C8A-BC23-0125B5982635}.Release|Any CPU.Build.0 = Release|Any CPU
		{C7E60DC1-B917-4D1F-8F33-2D0614E9C34A}.Debug|Any CPU.ActiveCfg = Debug|Any CPU
		{C7E60DC1-B917-4D1F-8F33-2D0614E9C34A}.Debug|Any CPU.Build.0 = Debug|Any CPU
		{C7E60DC1-B917-4D1F-8F33-2D0614E9C34A}.Release|Any CPU.ActiveCfg = Release|Any CPU
		{C7E60DC1-B917-4D1F-8F33-2D0614E9C34A}.Release|Any CPU.Build.0 = Release|Any CPU
		{6CDE1AD8-F324-40BD-84DE-472B125D1089}.Debug|Any CPU.ActiveCfg = Debug|Any CPU
		{6CDE1AD8-F324-40BD-84DE-472B125D1089}.Debug|Any CPU.Build.0 = Debug|Any CPU
		{6CDE1AD8-F324-40BD-84DE-472B125D1089}.Release|Any CPU.ActiveCfg = Release|Any CPU
		{6CDE1AD8-F324-40BD-84DE-472B125D1089}.Release|Any CPU.Build.0 = Release|Any CPU
		{6A5DA6E5-15D0-4BC5-A322-82D9A7618AD1}.Debug|Any CPU.ActiveCfg = Debug|Any CPU
		{6A5DA6E5-15D0-4BC5-A322-82D9A7618AD1}.Debug|Any CPU.Build.0 = Debug|Any CPU
		{6A5DA6E5-15D0-4BC5-A322-82D9A7618AD1}.Release|Any CPU.ActiveCfg = Release|Any CPU
		{6A5DA6E5-15D0-4BC5-A322-82D9A7618AD1}.Release|Any CPU.Build.0 = Release|Any CPU
		{7FDFD3D4-4BB0-4F2A-A53F-0492EACA87FC}.Debug|Any CPU.ActiveCfg = Debug|Any CPU
		{7FDFD3D4-4BB0-4F2A-A53F-0492EACA87FC}.Debug|Any CPU.Build.0 = Debug|Any CPU
		{7FDFD3D4-4BB0-4F2A-A53F-0492EACA87FC}.Release|Any CPU.ActiveCfg = Release|Any CPU
		{7FDFD3D4-4BB0-4F2A-A53F-0492EACA87FC}.Release|Any CPU.Build.0 = Release|Any CPU
	EndGlobalSection
	GlobalSection(SolutionProperties) = preSolution
		HideSolutionNode = FALSE
	EndGlobalSection
	GlobalSection(NestedProjects) = preSolution
		{C88C558F-768E-4334-AE81-88C9EF22DD7A} = {FC2E0CC0-C023-41B8-8C62-09E93B32EB11}
		{839643EC-8170-45F2-B1B0-E6382D49065F} = {FC2E0CC0-C023-41B8-8C62-09E93B32EB11}
		{028447BD-6FA8-4E5E-877D-9A39F13217F0} = {5D52E507-C5BB-4F43-9590-25A3A96270CA}
		{0C5F6176-B8EA-47BA-BBF3-4D6E04D16131} = {C2C3C8A2-B8C6-4D27-A18F-0568447F6BCC}
		{3737073D-054F-4C8A-BC23-0125B5982635} = {5D52E507-C5BB-4F43-9590-25A3A96270CA}
		{C7E60DC1-B917-4D1F-8F33-2D0614E9C34A} = {5D52E507-C5BB-4F43-9590-25A3A96270CA}
		{6CDE1AD8-F324-40BD-84DE-472B125D1089} = {5D52E507-C5BB-4F43-9590-25A3A96270CA}
		{6A5DA6E5-15D0-4BC5-A322-82D9A7618AD1} = {FC2E0CC0-C023-41B8-8C62-09E93B32EB11}
		{7FDFD3D4-4BB0-4F2A-A53F-0492EACA87FC} = {FC2E0CC0-C023-41B8-8C62-09E93B32EB11}
	EndGlobalSection
	GlobalSection(ExtensibilityGlobals) = postSolution
		SolutionGuid = {C01FE66B-85AE-4AE1-AFD0-82025C9913E5}
	EndGlobalSection
EndGlobal
