
Microsoft Visual Studio Solution File, Format Version 12.00
# Visual Studio Version 16
VisualStudioVersion = 16.0.29025.244
MinimumVisualStudioVersion = 10.0.40219.1
Project("{9A19103F-16F7-4668-BE54-9A1E7A4F7556}") = "Prawnbot.Application", "Prawnbot.Application\Prawnbot.Application.csproj", "{839643EC-8170-45F2-B1B0-E6382D49065F}"
EndProject
Project("{9A19103F-16F7-4668-BE54-9A1E7A4F7556}") = "Prawnbot.Core", "Prawnbot.Core\Prawnbot.Core.csproj", "{028447BD-6FA8-4E5E-877D-9A39F13217F0}"
EndProject
Project("{2150E333-8FDC-42A3-9474-1A3956D46DE8}") = "Presentation", "Presentation", "{FC2E0CC0-C023-41B8-8C62-09E93B32EB11}"
EndProject
Project("{2150E333-8FDC-42A3-9474-1A3956D46DE8}") = "Business", "Business", "{5D52E507-C5BB-4F43-9590-25A3A96270CA}"
EndProject
Project("{2150E333-8FDC-42A3-9474-1A3956D46DE8}") = "Data", "Data", "{C2C3C8A2-B8C6-4D27-A18F-0568447F6BCC}"
EndProject
Project("{9A19103F-16F7-4668-BE54-9A1E7A4F7556}") = "Prawnbot.Data", "Prawnbot.Data\Prawnbot.Data.csproj", "{0C5F6176-B8EA-47BA-BBF3-4D6E04D16131}"
EndProject
Project("{9A19103F-16F7-4668-BE54-9A1E7A4F7556}") = "Prawnbot.Common", "Prawnbot.Common\Prawnbot.Common.csproj", "{3737073D-054F-4C8A-BC23-0125B5982635}"
EndProject
Project("{9A19103F-16F7-4668-BE54-9A1E7A4F7556}") = "Prawnbot.API", "Prawnbot.API\Prawnbot.API.csproj", "{6A5DA6E5-15D0-4BC5-A322-82D9A7618AD1}"
EndProject
Project("{FAE04EC0-301F-11D3-BF4B-00C04F79EFBC}") = "Prawnbot.CommandEngine", "Prawnbot.CommandEngine\Prawnbot.CommandEngine.csproj", "{AE3353C2-3FFC-40F4-8617-E973DFC5821C}"
EndProject
Project("{9A19103F-16F7-4668-BE54-9A1E7A4F7556}") = "Prawnbot.Logging", "Prawnbot.Logging\Prawnbot.Logging.csproj", "{521C898F-0CE9-4B64-BF59-EDF87678D3E6}"
EndProject
Project("{9A19103F-16F7-4668-BE54-9A1E7A4F7556}") = "Prawnbot.Core.Database", "Prawnbot.Core.Database\Prawnbot.Core.Database.csproj", "{C39337A6-AA27-444D-9413-517F29EFA602}"
EndProject
EndProject
Global
	GlobalSection(SolutionConfigurationPlatforms) = preSolution
		Debug|Any CPU = Debug|Any CPU
		Debug|x64 = Debug|x64
		Release|Any CPU = Release|Any CPU
		Release|x64 = Release|x64
	EndGlobalSection
	GlobalSection(ProjectConfigurationPlatforms) = postSolution
		{839643EC-8170-45F2-B1B0-E6382D49065F}.Debug|Any CPU.ActiveCfg = Debug|Any CPU
		{839643EC-8170-45F2-B1B0-E6382D49065F}.Debug|Any CPU.Build.0 = Debug|Any CPU
		{839643EC-8170-45F2-B1B0-E6382D49065F}.Debug|x64.ActiveCfg = Debug|x64
		{839643EC-8170-45F2-B1B0-E6382D49065F}.Debug|x64.Build.0 = Debug|x64
		{839643EC-8170-45F2-B1B0-E6382D49065F}.Release|Any CPU.ActiveCfg = Release|Any CPU
		{839643EC-8170-45F2-B1B0-E6382D49065F}.Release|Any CPU.Build.0 = Release|Any CPU
		{839643EC-8170-45F2-B1B0-E6382D49065F}.Release|x64.ActiveCfg = Release|x64
		{839643EC-8170-45F2-B1B0-E6382D49065F}.Release|x64.Build.0 = Release|x64
		{028447BD-6FA8-4E5E-877D-9A39F13217F0}.Debug|Any CPU.ActiveCfg = Debug|Any CPU
		{028447BD-6FA8-4E5E-877D-9A39F13217F0}.Debug|Any CPU.Build.0 = Debug|Any CPU
		{028447BD-6FA8-4E5E-877D-9A39F13217F0}.Debug|x64.ActiveCfg = Debug|x64
		{028447BD-6FA8-4E5E-877D-9A39F13217F0}.Debug|x64.Build.0 = Debug|x64
		{028447BD-6FA8-4E5E-877D-9A39F13217F0}.Release|Any CPU.ActiveCfg = Release|Any CPU
		{028447BD-6FA8-4E5E-877D-9A39F13217F0}.Release|Any CPU.Build.0 = Release|Any CPU
		{028447BD-6FA8-4E5E-877D-9A39F13217F0}.Release|x64.ActiveCfg = Release|x64
		{028447BD-6FA8-4E5E-877D-9A39F13217F0}.Release|x64.Build.0 = Release|x64
		{0C5F6176-B8EA-47BA-BBF3-4D6E04D16131}.Debug|Any CPU.ActiveCfg = Debug|Any CPU
		{0C5F6176-B8EA-47BA-BBF3-4D6E04D16131}.Debug|Any CPU.Build.0 = Debug|Any CPU
		{0C5F6176-B8EA-47BA-BBF3-4D6E04D16131}.Debug|x64.ActiveCfg = Debug|x64
		{0C5F6176-B8EA-47BA-BBF3-4D6E04D16131}.Debug|x64.Build.0 = Debug|x64
		{0C5F6176-B8EA-47BA-BBF3-4D6E04D16131}.Release|Any CPU.ActiveCfg = Release|Any CPU
		{0C5F6176-B8EA-47BA-BBF3-4D6E04D16131}.Release|Any CPU.Build.0 = Release|Any CPU
		{0C5F6176-B8EA-47BA-BBF3-4D6E04D16131}.Release|x64.ActiveCfg = Release|x64
		{0C5F6176-B8EA-47BA-BBF3-4D6E04D16131}.Release|x64.Build.0 = Release|x64
		{3737073D-054F-4C8A-BC23-0125B5982635}.Debug|Any CPU.ActiveCfg = Debug|Any CPU
		{3737073D-054F-4C8A-BC23-0125B5982635}.Debug|Any CPU.Build.0 = Debug|Any CPU
		{3737073D-054F-4C8A-BC23-0125B5982635}.Debug|x64.ActiveCfg = Debug|x64
		{3737073D-054F-4C8A-BC23-0125B5982635}.Debug|x64.Build.0 = Debug|x64
		{3737073D-054F-4C8A-BC23-0125B5982635}.Release|Any CPU.ActiveCfg = Release|Any CPU
		{3737073D-054F-4C8A-BC23-0125B5982635}.Release|Any CPU.Build.0 = Release|Any CPU
		{3737073D-054F-4C8A-BC23-0125B5982635}.Release|x64.ActiveCfg = Release|x64
		{3737073D-054F-4C8A-BC23-0125B5982635}.Release|x64.Build.0 = Release|x64
		{6A5DA6E5-15D0-4BC5-A322-82D9A7618AD1}.Debug|Any CPU.ActiveCfg = Debug|Any CPU
		{6A5DA6E5-15D0-4BC5-A322-82D9A7618AD1}.Debug|Any CPU.Build.0 = Debug|Any CPU
		{6A5DA6E5-15D0-4BC5-A322-82D9A7618AD1}.Debug|x64.ActiveCfg = Debug|x64
		{6A5DA6E5-15D0-4BC5-A322-82D9A7618AD1}.Debug|x64.Build.0 = Debug|x64
		{6A5DA6E5-15D0-4BC5-A322-82D9A7618AD1}.Release|Any CPU.ActiveCfg = Release|Any CPU
		{6A5DA6E5-15D0-4BC5-A322-82D9A7618AD1}.Release|Any CPU.Build.0 = Release|Any CPU
		{6A5DA6E5-15D0-4BC5-A322-82D9A7618AD1}.Release|x64.ActiveCfg = Release|x64
		{6A5DA6E5-15D0-4BC5-A322-82D9A7618AD1}.Release|x64.Build.0 = Release|x64
		{AE3353C2-3FFC-40F4-8617-E973DFC5821C}.Debug|Any CPU.ActiveCfg = Debug|Any CPU
		{AE3353C2-3FFC-40F4-8617-E973DFC5821C}.Debug|Any CPU.Build.0 = Debug|Any CPU
		{AE3353C2-3FFC-40F4-8617-E973DFC5821C}.Debug|x64.ActiveCfg = Debug|Any CPU
		{AE3353C2-3FFC-40F4-8617-E973DFC5821C}.Debug|x64.Build.0 = Debug|Any CPU
		{AE3353C2-3FFC-40F4-8617-E973DFC5821C}.Release|Any CPU.ActiveCfg = Release|Any CPU
		{AE3353C2-3FFC-40F4-8617-E973DFC5821C}.Release|Any CPU.Build.0 = Release|Any CPU
		{AE3353C2-3FFC-40F4-8617-E973DFC5821C}.Release|x64.ActiveCfg = Release|Any CPU
		{AE3353C2-3FFC-40F4-8617-E973DFC5821C}.Release|x64.Build.0 = Release|Any CPU
	EndGlobalSection
	GlobalSection(SolutionProperties) = preSolution
		HideSolutionNode = FALSE
	EndGlobalSection
	GlobalSection(NestedProjects) = preSolution
		{839643EC-8170-45F2-B1B0-E6382D49065F} = {FC2E0CC0-C023-41B8-8C62-09E93B32EB11}
		{028447BD-6FA8-4E5E-877D-9A39F13217F0} = {5D52E507-C5BB-4F43-9590-25A3A96270CA}
		{0C5F6176-B8EA-47BA-BBF3-4D6E04D16131} = {C2C3C8A2-B8C6-4D27-A18F-0568447F6BCC}
		{3737073D-054F-4C8A-BC23-0125B5982635} = {5D52E507-C5BB-4F43-9590-25A3A96270CA}
		{6A5DA6E5-15D0-4BC5-A322-82D9A7618AD1} = {FC2E0CC0-C023-41B8-8C62-09E93B32EB11}
		{AE3353C2-3FFC-40F4-8617-E973DFC5821C} = {5D52E507-C5BB-4F43-9590-25A3A96270CA}
	EndGlobalSection
	GlobalSection(ExtensibilityGlobals) = postSolution
		SolutionGuid = {C01FE66B-85AE-4AE1-AFD0-82025C9913E5}
	EndGlobalSection
EndGlobal
